
Microsoft Visual Studio Solution File, Format Version 12.00
# Visual Studio 14
VisualStudioVersion = 14.0.25420.1
MinimumVisualStudioVersion = 10.0.40219.1
Project("{FAE04EC0-301F-11D3-BF4B-00C04F79EFBC}") = "WcfServiceLibrary_Test", "WcfServiceLibrary_Test\WcfServiceLibrary_Test.csproj", "{3EF77336-0663-493F-B9C6-7FC8E0380255}"
EndProject
Project("{FAE04EC0-301F-11D3-BF4B-00C04F79EFBC}") = "MagicEightBallServiceLib", "MagicEightBallServiceLib\MagicEightBallServiceLib.csproj", "{5E94DA58-FCE4-4075-BBA8-2A4400610F0B}"
	ProjectSection(ProjectDependencies) = postProject
		{3EF77336-0663-493F-B9C6-7FC8E0380255} = {3EF77336-0663-493F-B9C6-7FC8E0380255}
	EndProjectSection
EndProject
Project("{FAE04EC0-301F-11D3-BF4B-00C04F79EFBC}") = "MagicEightBallServiceHost", "MagicEightBallServiceHost\MagicEightBallServiceHost.csproj", "{895A9568-0BE0-428B-8777-5ED50112872E}"
EndProject
Project("{FAE04EC0-301F-11D3-BF4B-00C04F79EFBC}") = "MagicEightBallServiceClient", "MagicEightBallServiceClient\MagicEightBallServiceClient.csproj", "{A8D2DB9E-6772-492A-865C-E8D82F6E2BC3}"
	ProjectSection(ProjectDependencies) = postProject
		{3EF77336-0663-493F-B9C6-7FC8E0380255} = {3EF77336-0663-493F-B9C6-7FC8E0380255}
	EndProjectSection
EndProject
Project("{FAE04EC0-301F-11D3-BF4B-00C04F79EFBC}") = "MathServiceLibrary", "MathServiceLibrary\MathServiceLibrary.csproj", "{0749C4CE-0E03-49F5-BD42-262F45700A02}"
EndProject
Project("{FAE04EC0-301F-11D3-BF4B-00C04F79EFBC}") = "MathWindowsServiceHost", "MathWindowsServiceHost\MathWindowsServiceHost.csproj", "{A61B7EB3-C65F-404D-BF27-B2AC91BD17BF}"
EndProject
Project("{FAE04EC0-301F-11D3-BF4B-00C04F79EFBC}") = "MathClient", "MathClient\MathClient.csproj", "{D188723F-E2AF-41B2-8459-83FE19EEB29A}"
	ProjectSection(ProjectDependencies) = postProject
		{0749C4CE-0E03-49F5-BD42-262F45700A02} = {0749C4CE-0E03-49F5-BD42-262F45700A02}
	EndProjectSection
EndProject
Project("{FAE04EC0-301F-11D3-BF4B-00C04F79EFBC}") = "MathWindowsService", "MathWindowsService\MathWindowsService.csproj", "{BAF2D290-12BC-420F-9B44-79474F7814AE}"
EndProject
Global
	GlobalSection(SolutionConfigurationPlatforms) = preSolution
		Debug|Any CPU = Debug|Any CPU
		Release|Any CPU = Release|Any CPU
	EndGlobalSection
	GlobalSection(ProjectConfigurationPlatforms) = postSolution
		{3EF77336-0663-493F-B9C6-7FC8E0380255}.Debug|Any CPU.ActiveCfg = Debug|Any CPU
		{3EF77336-0663-493F-B9C6-7FC8E0380255}.Debug|Any CPU.Build.0 = Debug|Any CPU
		{3EF77336-0663-493F-B9C6-7FC8E0380255}.Release|Any CPU.ActiveCfg = Release|Any CPU
		{3EF77336-0663-493F-B9C6-7FC8E0380255}.Release|Any CPU.Build.0 = Release|Any CPU
		{5E94DA58-FCE4-4075-BBA8-2A4400610F0B}.Debug|Any CPU.ActiveCfg = Debug|Any CPU
		{5E94DA58-FCE4-4075-BBA8-2A4400610F0B}.Debug|Any CPU.Build.0 = Debug|Any CPU
		{5E94DA58-FCE4-4075-BBA8-2A4400610F0B}.Release|Any CPU.ActiveCfg = Release|Any CPU
		{5E94DA58-FCE4-4075-BBA8-2A4400610F0B}.Release|Any CPU.Build.0 = Release|Any CPU
		{895A9568-0BE0-428B-8777-5ED50112872E}.Debug|Any CPU.ActiveCfg = Debug|Any CPU
		{895A9568-0BE0-428B-8777-5ED50112872E}.Debug|Any CPU.Build.0 = Debug|Any CPU
		{895A9568-0BE0-428B-8777-5ED50112872E}.Release|Any CPU.ActiveCfg = Release|Any CPU
		{895A9568-0BE0-428B-8777-5ED50112872E}.Release|Any CPU.Build.0 = Release|Any CPU
		{A8D2DB9E-6772-492A-865C-E8D82F6E2BC3}.Debug|Any CPU.ActiveCfg = Debug|Any CPU
		{A8D2DB9E-6772-492A-865C-E8D82F6E2BC3}.Debug|Any CPU.Build.0 = Debug|Any CPU
		{A8D2DB9E-6772-492A-865C-E8D82F6E2BC3}.Release|Any CPU.ActiveCfg = Release|Any CPU
		{A8D2DB9E-6772-492A-865C-E8D82F6E2BC3}.Release|Any CPU.Build.0 = Release|Any CPU
		{0749C4CE-0E03-49F5-BD42-262F45700A02}.Debug|Any CPU.ActiveCfg = Debug|Any CPU
		{0749C4CE-0E03-49F5-BD42-262F45700A02}.Debug|Any CPU.Build.0 = Debug|Any CPU
		{0749C4CE-0E03-49F5-BD42-262F45700A02}.Release|Any CPU.ActiveCfg = Release|Any CPU
		{0749C4CE-0E03-49F5-BD42-262F45700A02}.Release|Any CPU.Build.0 = Release|Any CPU
		{A61B7EB3-C65F-404D-BF27-B2AC91BD17BF}.Debug|Any CPU.ActiveCfg = Debug|Any CPU
		{A61B7EB3-C65F-404D-BF27-B2AC91BD17BF}.Debug|Any CPU.Build.0 = Debug|Any CPU
		{A61B7EB3-C65F-404D-BF27-B2AC91BD17BF}.Release|Any CPU.ActiveCfg = Release|Any CPU
		{A61B7EB3-C65F-404D-BF27-B2AC91BD17BF}.Release|Any CPU.Build.0 = Release|Any CPU
		{D188723F-E2AF-41B2-8459-83FE19EEB29A}.Debug|Any CPU.ActiveCfg = Debug|Any CPU
		{D188723F-E2AF-41B2-8459-83FE19EEB29A}.Debug|Any CPU.Build.0 = Debug|Any CPU
		{D188723F-E2AF-41B2-8459-83FE19EEB29A}.Release|Any CPU.ActiveCfg = Release|Any CPU
		{D188723F-E2AF-41B2-8459-83FE19EEB29A}.Release|Any CPU.Build.0 = Release|Any CPU
		{BAF2D290-12BC-420F-9B44-79474F7814AE}.Debug|Any CPU.ActiveCfg = Debug|Any CPU
		{BAF2D290-12BC-420F-9B44-79474F7814AE}.Debug|Any CPU.Build.0 = Debug|Any CPU
		{BAF2D290-12BC-420F-9B44-79474F7814AE}.Release|Any CPU.ActiveCfg = Release|Any CPU
		{BAF2D290-12BC-420F-9B44-79474F7814AE}.Release|Any CPU.Build.0 = Release|Any CPU
	EndGlobalSection
	GlobalSection(SolutionProperties) = preSolution
		HideSolutionNode = FALSE
	EndGlobalSection
EndGlobal
